// !$*UTF8*$!
{
	archiveVersion = 1;
	classes = {
	};
	objectVersion = 77;
	objects = {

/* Begin PBXBuildFile section */
		32513D1E25BB4F418CABB2A8 /* Sentry in Frameworks */ = {isa = PBXBuildFile; productRef = 8B2985744DB94333AE1B5878 /* Sentry */; };
		886A649F771240E8A5AC792D /* Dependencies in Frameworks */ = {isa = PBXBuildFile; productRef = 8D787DCF45744283A83F226F /* Dependencies */; };
		C8B33B9AFE69E738ABFA08BE /* ComposableArchitecture in Frameworks */ = {isa = PBXBuildFile; productRef = 497B582F42253CBC8FBF101F /* ComposableArchitecture */; };
		D1BB05892F5ACB5900553512 /* YiTong in Frameworks */ = {isa = PBXBuildFile; productRef = D1BB05882F5ACB5900553512 /* YiTong */; };
		D63D00F72F2A5EEE00018D05 /* DependenciesTestSupport in Frameworks */ = {isa = PBXBuildFile; productRef = D63D00F62F2A5EEE00018D05 /* DependenciesTestSupport */; };
		D64162B02F23CAF100260CA3 /* ghostty in Resources */ = {isa = PBXBuildFile; fileRef = D64162AD2F23CAF100260CA3 /* ghostty */; };
		D64162B12F23CAF100260CA3 /* terminfo in Resources */ = {isa = PBXBuildFile; fileRef = D64162AE2F23CAF100260CA3 /* terminfo */; };
		D64162B22F23CAF100260CA3 /* git-wt in Resources */ = {isa = PBXBuildFile; fileRef = D64162AF2F23CAF100260CA3 /* git-wt */; };
		D661760B2F250A60000FC27C /* CasePaths in Frameworks */ = {isa = PBXBuildFile; productRef = D661760A2F250A60000FC27C /* CasePaths */; };
		D6A1CB312F1F4ABF004FDABD /* GhosttyKit.xcframework in Frameworks */ = {isa = PBXBuildFile; fileRef = D6A1CB2F2F1F4A48004FDABD /* GhosttyKit.xcframework */; };
		D6A1CB362F1F4ACB004FDABD /* Carbon.framework in Frameworks */ = {isa = PBXBuildFile; fileRef = D6A1CB342F1F4AC2004FDABD /* Carbon.framework */; };
		D6CLI0012F99000100000001 /* prowl-cli in Resources */ = {isa = PBXBuildFile; fileRef = D6CLI0022F99000100000001 /* prowl-cli */; };
		D6DOC0012F99000300000001 /* docs in Resources */ = {isa = PBXBuildFile; fileRef = D6DOC0022F99000300000001 /* docs */; };
		D6D054282F2E3EBF00D70ED5 /* PostHog in Frameworks */ = {isa = PBXBuildFile; productRef = D6D054272F2E3EBF00D70ED5 /* PostHog */; };
		DFE570C142184CC387C1BC78 /* Sparkle in Frameworks */ = {isa = PBXBuildFile; productRef = B5698573F7354B14B940EA60 /* Sparkle */; };
/* End PBXBuildFile section */

/* Begin PBXContainerItemProxy section */
		D6F821052F1FCBC1004B4174 /* PBXContainerItemProxy */ = {
			isa = PBXContainerItemProxy;
			containerPortal = D69CE0422F1F378200584C57 /* Project object */;
			proxyType = 1;
			remoteGlobalIDString = D69CE0492F1F378200584C57;
			remoteInfo = supacode;
		};
/* End PBXContainerItemProxy section */

/* Begin PBXFileReference section */
		D64162AD2F23CAF100260CA3 /* ghostty */ = {isa = PBXFileReference; lastKnownFileType = folder; name = ghostty; path = Resources/ghostty; sourceTree = "<group>"; };
		D64162AE2F23CAF100260CA3 /* terminfo */ = {isa = PBXFileReference; lastKnownFileType = folder; name = terminfo; path = Resources/terminfo; sourceTree = "<group>"; };
		D64162AF2F23CAF100260CA3 /* git-wt */ = {isa = PBXFileReference; lastKnownFileType = folder; name = "git-wt"; path = "Resources/git-wt"; sourceTree = "<group>"; };
		D69CE04A2F1F378200584C57 /* Prowl.app */ = {isa = PBXFileReference; explicitFileType = wrapper.application; includeInIndex = 0; path = Prowl.app; sourceTree = BUILT_PRODUCTS_DIR; };
		D6A1CB2F2F1F4A48004FDABD /* GhosttyKit.xcframework */ = {isa = PBXFileReference; lastKnownFileType = wrapper.xcframework; path = GhosttyKit.xcframework; sourceTree = "<group>"; };
		D6A1CB342F1F4AC2004FDABD /* Carbon.framework */ = {isa = PBXFileReference; lastKnownFileType = wrapper.framework; name = Carbon.framework; path = System/Library/Frameworks/Carbon.framework; sourceTree = SDKROOT; };
		D6CLI0022F99000100000001 /* prowl-cli */ = {isa = PBXFileReference; lastKnownFileType = folder; name = "prowl-cli"; path = "Resources/prowl-cli"; sourceTree = "<group>"; };
		D6DOC0022F99000300000001 /* docs */ = {isa = PBXFileReference; lastKnownFileType = folder; name = docs; path = "Resources/docs"; sourceTree = "<group>"; };
		D6F821012F1FCBC1004B4174 /* supacodeTests.xctest */ = {isa = PBXFileReference; explicitFileType = wrapper.cfbundle; includeInIndex = 0; path = supacodeTests.xctest; sourceTree = BUILT_PRODUCTS_DIR; };
/* End PBXFileReference section */

/* Begin PBXFileSystemSynchronizedBuildFileExceptionSet section */
		D4C9CFFBF3C440848B2DA2B0 /* Exceptions for "supacode" folder in "supacode" target */ = {
			isa = PBXFileSystemSynchronizedBuildFileExceptionSet;
			membershipExceptions = (
				Info.plist,
			);
			target = D69CE0492F1F378200584C57 /* supacode */;
		};
/* End PBXFileSystemSynchronizedBuildFileExceptionSet section */

/* Begin PBXFileSystemSynchronizedRootGroup section */
		D69CE04C2F1F378200584C57 /* supacode */ = {
			isa = PBXFileSystemSynchronizedRootGroup;
			exceptions = (
				D4C9CFFBF3C440848B2DA2B0 /* Exceptions for "supacode" folder in "supacode" target */,
			);
			path = supacode;
			sourceTree = "<group>";
		};
		D6F821022F1FCBC1004B4174 /* supacodeTests */ = {
			isa = PBXFileSystemSynchronizedRootGroup;
			path = supacodeTests;
			sourceTree = "<group>";
		};
/* End PBXFileSystemSynchronizedRootGroup section */

/* Begin PBXFrameworksBuildPhase section */
		D69CE0472F1F378200584C57 /* Frameworks */ = {
			isa = PBXFrameworksBuildPhase;
			buildActionMask = 2147483647;
			files = (
				D1BB05892F5ACB5900553512 /* YiTong in Frameworks */,
				C8B33B9AFE69E738ABFA08BE /* ComposableArchitecture in Frameworks */,
				886A649F771240E8A5AC792D /* Dependencies in Frameworks */,
				D6A1CB312F1F4ABF004FDABD /* GhosttyKit.xcframework in Frameworks */,
				D6D054282F2E3EBF00D70ED5 /* PostHog in Frameworks */,
				D661760B2F250A60000FC27C /* CasePaths in Frameworks */,
				D6A1CB362F1F4ACB004FDABD /* Carbon.framework in Frameworks */,
				DFE570C142184CC387C1BC78 /* Sparkle in Frameworks */,
				32513D1E25BB4F418CABB2A8 /* Sentry in Frameworks */,
			);
			runOnlyForDeploymentPostprocessing = 0;
		};
		D6F820FE2F1FCBC1004B4174 /* Frameworks */ = {
			isa = PBXFrameworksBuildPhase;
			buildActionMask = 2147483647;
			files = (
				D63D00F72F2A5EEE00018D05 /* DependenciesTestSupport in Frameworks */,
			);
			runOnlyForDeploymentPostprocessing = 0;
		};
/* End PBXFrameworksBuildPhase section */

/* Begin PBXGroup section */
		D69CE0412F1F378200584C57 = {
			isa = PBXGroup;
			children = (
				D6DOC0022F99000300000001 /* docs */,
				D64162AD2F23CAF100260CA3 /* ghostty */,
				D64162AF2F23CAF100260CA3 /* git-wt */,
				D6CLI0022F99000100000001 /* prowl-cli */,
				D64162AE2F23CAF100260CA3 /* terminfo */,
				D69CE04C2F1F378200584C57 /* supacode */,
				D6F821022F1FCBC1004B4174 /* supacodeTests */,
				D69CE04B2F1F378200584C57 /* Products */,
				D6A1CB2E2F1F4A36004FDABD /* Frameworks */,
			);
			sourceTree = "<group>";
		};
		D69CE04B2F1F378200584C57 /* Products */ = {
			isa = PBXGroup;
			children = (
				D69CE04A2F1F378200584C57 /* Prowl.app */,
				D6F821012F1FCBC1004B4174 /* supacodeTests.xctest */,
			);
			name = Products;
			sourceTree = "<group>";
		};
		D6A1CB2E2F1F4A36004FDABD /* Frameworks */ = {
			isa = PBXGroup;
			children = (
				D6A1CB342F1F4AC2004FDABD /* Carbon.framework */,
				D6A1CB2F2F1F4A48004FDABD /* GhosttyKit.xcframework */,
			);
			path = Frameworks;
			sourceTree = "<group>";
		};
/* End PBXGroup section */

/* Begin PBXNativeTarget section */
		D69CE0492F1F378200584C57 /* supacode */ = {
			isa = PBXNativeTarget;
			buildConfigurationList = D69CE0552F1F378200584C57 /* Build configuration list for PBXNativeTarget "supacode" */;
			buildPhases = (
				D69CE0462F1F378200584C57 /* Sources */,
				D67F9B122F33000100A1B2C3 /* Verify git-wt script */,
				D6CLI0032F99000200000001 /* Verify prowl-cli binary */,
				D69CE0472F1F378200584C57 /* Frameworks */,
				D69CE0482F1F378200584C57 /* Resources */,
			);
			buildRules = (
			);
			dependencies = (
			);
			fileSystemSynchronizedGroups = (
				D69CE04C2F1F378200584C57 /* supacode */,
			);
			name = supacode;
			packageProductDependencies = (
				8D787DCF45744283A83F226F /* Dependencies */,
				B5698573F7354B14B940EA60 /* Sparkle */,
				497B582F42253CBC8FBF101F /* ComposableArchitecture */,
				D661760A2F250A60000FC27C /* CasePaths */,
				8B2985744DB94333AE1B5878 /* Sentry */,
				D6D054272F2E3EBF00D70ED5 /* PostHog */,
				D1BB05882F5ACB5900553512 /* YiTong */,
			);
			productName = supacode;
			productReference = D69CE04A2F1F378200584C57 /* Prowl.app */;
			productType = "com.apple.product-type.application";
		};
		D6F821002F1FCBC1004B4174 /* supacodeTests */ = {
			isa = PBXNativeTarget;
			buildConfigurationList = D6F821072F1FCBC1004B4174 /* Build configuration list for PBXNativeTarget "supacodeTests" */;
			buildPhases = (
				D6F820FD2F1FCBC1004B4174 /* Sources */,
				D6F820FE2F1FCBC1004B4174 /* Frameworks */,
				D6F820FF2F1FCBC1004B4174 /* Resources */,
			);
			buildRules = (
			);
			dependencies = (
				D6F821062F1FCBC1004B4174 /* PBXTargetDependency */,
			);
			fileSystemSynchronizedGroups = (
				D6F821022F1FCBC1004B4174 /* supacodeTests */,
			);
			name = supacodeTests;
			packageProductDependencies = (
				D63D00F62F2A5EEE00018D05 /* DependenciesTestSupport */,
			);
			productName = supacodeTests;
			productReference = D6F821012F1FCBC1004B4174 /* supacodeTests.xctest */;
			productType = "com.apple.product-type.bundle.unit-test";
		};
/* End PBXNativeTarget section */

/* Begin PBXProject section */
		D69CE0422F1F378200584C57 /* Project object */ = {
			isa = PBXProject;
			attributes = {
				BuildIndependentTargetsInParallel = 1;
				LastSwiftUpdateCheck = 2620;
				LastUpgradeCheck = 2620;
				TargetAttributes = {
					D69CE0492F1F378200584C57 = {
						CreatedOnToolsVersion = 26.0;
					};
					D6F821002F1FCBC1004B4174 = {
						CreatedOnToolsVersion = 26.2;
						TestTargetID = D69CE0492F1F378200584C57;
					};
				};
			};
			buildConfigurationList = D69CE0452F1F378200584C57 /* Build configuration list for PBXProject "supacode" */;
			developmentRegion = en;
			hasScannedForEncodings = 0;
			knownRegions = (
				en,
				Base,
			);
			mainGroup = D69CE0412F1F378200584C57;
			minimizedProjectReferenceProxies = 1;
			packageReferences = (
				911B4AAD84AF4B34BE232133 /* XCRemoteSwiftPackageReference "swift-case-paths" */,
				8E10C2184F9342AC850013F5 /* XCRemoteSwiftPackageReference "Sparkle" */,
				46ECCA2394D141A89BE74516 /* XCRemoteSwiftPackageReference "swift-dependencies" */,
				B43B9188E1D223E6F7344501 /* XCRemoteSwiftPackageReference "swift-composable-architecture" */,
				899A0B6B6B42424B92CD20C2 /* XCRemoteSwiftPackageReference "sentry-cocoa" */,
				D6D054262F2E3EB300D70ED5 /* XCRemoteSwiftPackageReference "posthog-ios" */,
				D1BB05872F5ACB5900553512 /* XCRemoteSwiftPackageReference "YiTong" */,
			);
			preferredProjectObjectVersion = 77;
			productRefGroup = D69CE04B2F1F378200584C57 /* Products */;
			projectDirPath = "";
			projectRoot = "";
			targets = (
				D69CE0492F1F378200584C57 /* supacode */,
				D6F821002F1FCBC1004B4174 /* supacodeTests */,
			);
		};
/* End PBXProject section */

/* Begin PBXResourcesBuildPhase section */
		D69CE0482F1F378200584C57 /* Resources */ = {
			isa = PBXResourcesBuildPhase;
			buildActionMask = 2147483647;
			files = (
				D6DOC0012F99000300000001 /* docs in Resources */,
				D64162B02F23CAF100260CA3 /* ghostty in Resources */,
				D64162B12F23CAF100260CA3 /* terminfo in Resources */,
				D64162B22F23CAF100260CA3 /* git-wt in Resources */,
				D6CLI0012F99000100000001 /* prowl-cli in Resources */,
			);
			runOnlyForDeploymentPostprocessing = 0;
		};
		D6F820FF2F1FCBC1004B4174 /* Resources */ = {
			isa = PBXResourcesBuildPhase;
			buildActionMask = 2147483647;
			files = (
			);
			runOnlyForDeploymentPostprocessing = 0;
		};
/* End PBXResourcesBuildPhase section */

/* Begin PBXShellScriptBuildPhase section */
		D67F9B122F33000100A1B2C3 /* Verify git-wt script */ = {
			isa = PBXShellScriptBuildPhase;
			alwaysOutOfDate = 1;
			buildActionMask = 2147483647;
			files = (
			);
			inputFileListPaths = (
			);
			inputPaths = (
			);
			name = "Verify git-wt script";
			outputFileListPaths = (
			);
			outputPaths = (
			);
			runOnlyForDeploymentPostprocessing = 0;
			shellPath = /bin/sh;
			shellScript = "WT_SCRIPT=\"${PROJECT_DIR}/Resources/git-wt/wt\"\nif [ ! -f \"$WT_SCRIPT\" ]; then\n  echo \"error: Missing $WT_SCRIPT. Run: git submodule update --init Resources/git-wt\" >&2\n  exit 1\nfi\nif [ ! -x \"$WT_SCRIPT\" ]; then\n  echo \"error: $WT_SCRIPT is not executable.\" >&2\n  exit 1\nfi\n";
		};
		D6CLI0032F99000200000001 /* Verify prowl-cli binary */ = {
			isa = PBXShellScriptBuildPhase;
			alwaysOutOfDate = 1;
			buildActionMask = 2147483647;
			files = (
			);
			inputFileListPaths = (
			);
			inputPaths = (
			);
			name = "Verify prowl-cli binary";
			outputFileListPaths = (
			);
			outputPaths = (
			);
			runOnlyForDeploymentPostprocessing = 0;
			shellPath = /bin/sh;
			shellScript = "CLI_BIN=\"${PROJECT_DIR}/Resources/prowl-cli/prowl\"\nif [ ! -f \"$CLI_BIN\" ]; then\n  echo \"error: Missing $CLI_BIN. Run: make embed-cli\" >&2\n  exit 1\nfi\nif [ ! -x \"$CLI_BIN\" ]; then\n  echo \"error: $CLI_BIN is not executable. Run: make embed-cli\" >&2\n  exit 1\nfi\n";
		};
/* End PBXShellScriptBuildPhase section */

/* Begin PBXSourcesBuildPhase section */
		D69CE0462F1F378200584C57 /* Sources */ = {
			isa = PBXSourcesBuildPhase;
			buildActionMask = 2147483647;
			files = (
			);
			runOnlyForDeploymentPostprocessing = 0;
		};
		D6F820FD2F1FCBC1004B4174 /* Sources */ = {
			isa = PBXSourcesBuildPhase;
			buildActionMask = 2147483647;
			files = (
			);
			runOnlyForDeploymentPostprocessing = 0;
		};
/* End PBXSourcesBuildPhase section */

/* Begin PBXTargetDependency section */
		D6F821062F1FCBC1004B4174 /* PBXTargetDependency */ = {
			isa = PBXTargetDependency;
			target = D69CE0492F1F378200584C57 /* supacode */;
			targetProxy = D6F821052F1FCBC1004B4174 /* PBXContainerItemProxy */;
		};
/* End PBXTargetDependency section */

/* Begin XCBuildConfiguration section */
		D69CE0532F1F378200584C57 /* Debug */ = {
			isa = XCBuildConfiguration;
			buildSettings = {
				ALWAYS_SEARCH_USER_PATHS = NO;
				ASSETCATALOG_COMPILER_GENERATE_SWIFT_ASSET_SYMBOL_EXTENSIONS = YES;
				CLANG_ANALYZER_NONNULL = YES;
				CLANG_ANALYZER_NUMBER_OBJECT_CONVERSION = YES_AGGRESSIVE;
				CLANG_CXX_LANGUAGE_STANDARD = "gnu++20";
				CLANG_ENABLE_MODULES = YES;
				CLANG_ENABLE_OBJC_ARC = YES;
				CLANG_ENABLE_OBJC_WEAK = YES;
				CLANG_WARN_BLOCK_CAPTURE_AUTORELEASING = YES;
				CLANG_WARN_BOOL_CONVERSION = YES;
				CLANG_WARN_COMMA = YES;
				CLANG_WARN_CONSTANT_CONVERSION = YES;
				CLANG_WARN_DEPRECATED_OBJC_IMPLEMENTATIONS = YES;
				CLANG_WARN_DIRECT_OBJC_ISA_USAGE = YES_ERROR;
				CLANG_WARN_DOCUMENTATION_COMMENTS = YES;
				CLANG_WARN_EMPTY_BODY = YES;
				CLANG_WARN_ENUM_CONVERSION = YES;
				CLANG_WARN_INFINITE_RECURSION = YES;
				CLANG_WARN_INT_CONVERSION = YES;
				CLANG_WARN_NON_LITERAL_NULL_CONVERSION = YES;
				CLANG_WARN_OBJC_IMPLICIT_RETAIN_SELF = YES;
				CLANG_WARN_OBJC_LITERAL_CONVERSION = YES;
				CLANG_WARN_OBJC_ROOT_CLASS = YES_ERROR;
				CLANG_WARN_QUOTED_INCLUDE_IN_FRAMEWORK_HEADER = YES;
				CLANG_WARN_RANGE_LOOP_ANALYSIS = YES;
				CLANG_WARN_STRICT_PROTOTYPES = YES;
				CLANG_WARN_SUSPICIOUS_MOVE = YES;
				CLANG_WARN_UNGUARDED_AVAILABILITY = YES_AGGRESSIVE;
				CLANG_WARN_UNREACHABLE_CODE = YES;
				CLANG_WARN__DUPLICATE_METHOD_MATCH = YES;
				COMPILATION_CACHE_ENABLE_CACHING = YES;
				COPY_PHASE_STRIP = NO;
				DEAD_CODE_STRIPPING = YES;
				DEBUG_INFORMATION_FORMAT = dwarf;
				DEVELOPMENT_TEAM = 9ZLSJ2GN2B;
				EAGER_LINKING = YES;
				ENABLE_STRICT_OBJC_MSGSEND = YES;
				ENABLE_TESTABILITY = YES;
				ENABLE_USER_SCRIPT_SANDBOXING = YES;
				GCC_C_LANGUAGE_STANDARD = gnu17;
				GCC_DYNAMIC_NO_PIC = NO;
				GCC_NO_COMMON_BLOCKS = YES;
				GCC_OPTIMIZATION_LEVEL = 0;
				GCC_PREPROCESSOR_DEFINITIONS = (
					"DEBUG=1",
					"$(inherited)",
				);
				GCC_WARN_64_TO_32_BIT_CONVERSION = YES;
				GCC_WARN_ABOUT_RETURN_TYPE = YES_ERROR;
				GCC_WARN_UNDECLARED_SELECTOR = YES;
				GCC_WARN_UNINITIALIZED_AUTOS = YES_AGGRESSIVE;
				GCC_WARN_UNUSED_FUNCTION = YES;
				GCC_WARN_UNUSED_VARIABLE = YES;
				LOCALIZATION_PREFERS_STRING_CATALOGS = YES;
				MACOSX_DEPLOYMENT_TARGET = 26.0;
				MTL_ENABLE_DEBUG_INFO = INCLUDE_SOURCE;
				MTL_FAST_MATH = YES;
				ONLY_ACTIVE_ARCH = YES;
				SDKROOT = macosx;
				STRING_CATALOG_GENERATE_SYMBOLS = YES;
				SWIFT_ACTIVE_COMPILATION_CONDITIONS = "DEBUG $(inherited)";
				SWIFT_APPROACHABLE_CONCURRENCY = YES;
				SWIFT_DEFAULT_ACTOR_ISOLATION = MainActor;
				SWIFT_OPTIMIZATION_LEVEL = "-Onone";
				SWIFT_VERSION = 6.0;
			};
			name = Debug;
		};
		D69CE0542F1F378200584C57 /* Release */ = {
			isa = XCBuildConfiguration;
			buildSettings = {
				ALWAYS_SEARCH_USER_PATHS = NO;
				ASSETCATALOG_COMPILER_GENERATE_SWIFT_ASSET_SYMBOL_EXTENSIONS = YES;
				CLANG_ANALYZER_NONNULL = YES;
				CLANG_ANALYZER_NUMBER_OBJECT_CONVERSION = YES_AGGRESSIVE;
				CLANG_CXX_LANGUAGE_STANDARD = "gnu++20";
				CLANG_ENABLE_MODULES = YES;
				CLANG_ENABLE_OBJC_ARC = YES;
				CLANG_ENABLE_OBJC_WEAK = YES;
				CLANG_WARN_BLOCK_CAPTURE_AUTORELEASING = YES;
				CLANG_WARN_BOOL_CONVERSION = YES;
				CLANG_WARN_COMMA = YES;
				CLANG_WARN_CONSTANT_CONVERSION = YES;
				CLANG_WARN_DEPRECATED_OBJC_IMPLEMENTATIONS = YES;
				CLANG_WARN_DIRECT_OBJC_ISA_USAGE = YES_ERROR;
				CLANG_WARN_DOCUMENTATION_COMMENTS = YES;
				CLANG_WARN_EMPTY_BODY = YES;
				CLANG_WARN_ENUM_CONVERSION = YES;
				CLANG_WARN_INFINITE_RECURSION = YES;
				CLANG_WARN_INT_CONVERSION = YES;
				CLANG_WARN_NON_LITERAL_NULL_CONVERSION = YES;
				CLANG_WARN_OBJC_IMPLICIT_RETAIN_SELF = YES;
				CLANG_WARN_OBJC_LITERAL_CONVERSION = YES;
				CLANG_WARN_OBJC_ROOT_CLASS = YES_ERROR;
				CLANG_WARN_QUOTED_INCLUDE_IN_FRAMEWORK_HEADER = YES;
				CLANG_WARN_RANGE_LOOP_ANALYSIS = YES;
				CLANG_WARN_STRICT_PROTOTYPES = YES;
				CLANG_WARN_SUSPICIOUS_MOVE = YES;
				CLANG_WARN_UNGUARDED_AVAILABILITY = YES_AGGRESSIVE;
				CLANG_WARN_UNREACHABLE_CODE = YES;
				CLANG_WARN__DUPLICATE_METHOD_MATCH = YES;
				COPY_PHASE_STRIP = NO;
				DEAD_CODE_STRIPPING = YES;
				DEBUG_INFORMATION_FORMAT = "dwarf-with-dsym";
				DEVELOPMENT_TEAM = 9ZLSJ2GN2B;
				ENABLE_NS_ASSERTIONS = NO;
				ENABLE_STRICT_OBJC_MSGSEND = YES;
				ENABLE_USER_SCRIPT_SANDBOXING = YES;
				GCC_C_LANGUAGE_STANDARD = gnu17;
				GCC_NO_COMMON_BLOCKS = YES;
				GCC_WARN_64_TO_32_BIT_CONVERSION = YES;
				GCC_WARN_ABOUT_RETURN_TYPE = YES_ERROR;
				GCC_WARN_UNDECLARED_SELECTOR = YES;
				GCC_WARN_UNINITIALIZED_AUTOS = YES_AGGRESSIVE;
				GCC_WARN_UNUSED_FUNCTION = YES;
				GCC_WARN_UNUSED_VARIABLE = YES;
				LOCALIZATION_PREFERS_STRING_CATALOGS = YES;
				MACOSX_DEPLOYMENT_TARGET = 26.0;
				MTL_ENABLE_DEBUG_INFO = NO;
				MTL_FAST_MATH = YES;
				SDKROOT = macosx;
				STRING_CATALOG_GENERATE_SYMBOLS = YES;
				SWIFT_APPROACHABLE_CONCURRENCY = YES;
				SWIFT_COMPILATION_MODE = wholemodule;
				SWIFT_DEFAULT_ACTOR_ISOLATION = MainActor;
				SWIFT_VERSION = 6.0;
			};
			name = Release;
		};
		D69CE0562F1F378200584C57 /* Debug */ = {
			isa = XCBuildConfiguration;
			buildSettings = {
				ASSETCATALOG_COMPILER_APPICON_NAME = AppIcon;
				ASSETCATALOG_COMPILER_GLOBAL_ACCENT_COLOR_NAME = AccentColor;
				AUTOMATION_APPLE_EVENTS = YES;
				CODE_SIGN_ENTITLEMENTS = supacode/supacodeDebug.entitlements;
				CODE_SIGN_STYLE = Automatic;
				COMBINE_HIDPI_IMAGES = YES;
				COMPILATION_CACHE_ENABLE_CACHING = YES;
				CURRENT_PROJECT_VERSION = 20260609;
				DEAD_CODE_STRIPPING = YES;
				DEBUG_INFORMATION_FORMAT = dwarf;
				DEVELOPMENT_TEAM = "";
				ENABLE_APP_SANDBOX = NO;
				ENABLE_HARDENED_RUNTIME = YES;
				ENABLE_PREVIEWS = YES;
				ENABLE_RESOURCE_ACCESS_AUDIO_INPUT = YES;
				ENABLE_RESOURCE_ACCESS_CALENDARS = YES;
				ENABLE_RESOURCE_ACCESS_CAMERA = YES;
				ENABLE_RESOURCE_ACCESS_CONTACTS = YES;
				ENABLE_RESOURCE_ACCESS_LOCATION = YES;
				ENABLE_RESOURCE_ACCESS_PHOTO_LIBRARY = YES;
				ENABLE_USER_SCRIPT_SANDBOXING = YES;
				EXECUTABLE_NAME = ProwlApp;
				GENERATE_INFOPLIST_FILE = YES;
				INFOPLIST_FILE = supacode/Info.plist;
				INFOPLIST_KEY_LSApplicationCategoryType = "public.app-category.developer-tools";
				LD_RUNPATH_SEARCH_PATHS = (
					"$(inherited)",
					"@executable_path/../Frameworks",
				);
				MACOSX_DEPLOYMENT_TARGET = 26.0;
				MARKETING_VERSION = 2026.6.9;
				OTHER_LDFLAGS = (
					"$(inherited)",
					"-lc++",
				);
				OTHER_SWIFT_FLAGS = "$(inherited) -Xcc -Wno-incomplete-umbrella";
				PRODUCT_BUNDLE_IDENTIFIER = com.onevcat.prowl;
				PRODUCT_MODULE_NAME = supacode;
				PRODUCT_NAME = Prowl;
				REGISTER_APP_GROUPS = YES;
				RUNTIME_EXCEPTION_ALLOW_DYLD_ENVIRONMENT_VARIABLES = NO;
				RUNTIME_EXCEPTION_ALLOW_JIT = NO;
				RUNTIME_EXCEPTION_ALLOW_UNSIGNED_EXECUTABLE_MEMORY = NO;
				RUNTIME_EXCEPTION_DEBUGGING_TOOL = NO;
				RUNTIME_EXCEPTION_DISABLE_EXECUTABLE_PAGE_PROTECTION = NO;
				RUNTIME_EXCEPTION_DISABLE_LIBRARY_VALIDATION = NO;
				STRING_CATALOG_GENERATE_SYMBOLS = YES;
				SWIFT_APPROACHABLE_CONCURRENCY = YES;
				SWIFT_DEFAULT_ACTOR_ISOLATION = MainActor;
				SWIFT_EMIT_LOC_STRINGS = YES;
				SWIFT_UPCOMING_FEATURE_MEMBER_IMPORT_VISIBILITY = YES;
				SWIFT_VERSION = 6.0;
			};
			name = Debug;
		};
		D69CE0572F1F378200584C57 /* Release */ = {
			isa = XCBuildConfiguration;
			buildSettings = {
				ASSETCATALOG_COMPILER_APPICON_NAME = AppIcon;
				ASSETCATALOG_COMPILER_GLOBAL_ACCENT_COLOR_NAME = AccentColor;
				AUTOMATION_APPLE_EVENTS = YES;
				CODE_SIGN_ENTITLEMENTS = supacode/supacode.entitlements;
				CODE_SIGN_STYLE = Automatic;
				COMBINE_HIDPI_IMAGES = YES;
				COMPILATION_CACHE_ENABLE_CACHING = NO;
				CURRENT_PROJECT_VERSION = 20260609;
				DEAD_CODE_STRIPPING = YES;
				DEBUG_INFORMATION_FORMAT = "dwarf-with-dsym";
				DEVELOPMENT_TEAM = "";
				ENABLE_APP_SANDBOX = NO;
				ENABLE_HARDENED_RUNTIME = YES;
				ENABLE_PREVIEWS = YES;
				ENABLE_RESOURCE_ACCESS_AUDIO_INPUT = YES;
				ENABLE_RESOURCE_ACCESS_CALENDARS = YES;
				ENABLE_RESOURCE_ACCESS_CAMERA = YES;
				ENABLE_RESOURCE_ACCESS_CONTACTS = YES;
				ENABLE_RESOURCE_ACCESS_LOCATION = YES;
				ENABLE_RESOURCE_ACCESS_PHOTO_LIBRARY = YES;
				ENABLE_USER_SCRIPT_SANDBOXING = YES;
				EXECUTABLE_NAME = ProwlApp;
				GENERATE_INFOPLIST_FILE = YES;
				INFOPLIST_FILE = supacode/Info.plist;
				INFOPLIST_KEY_LSApplicationCategoryType = "public.app-category.developer-tools";
				LD_RUNPATH_SEARCH_PATHS = (
					"$(inherited)",
					"@executable_path/../Frameworks",
				);
				MACOSX_DEPLOYMENT_TARGET = 26.0;
				MARKETING_VERSION = 2026.6.9;
				OTHER_LDFLAGS = (
					"$(inherited)",
					"-lc++",
				);
				OTHER_SWIFT_FLAGS = "$(inherited) -Xcc -Wno-incomplete-umbrella";
				PRODUCT_BUNDLE_IDENTIFIER = com.onevcat.prowl;
				PRODUCT_MODULE_NAME = supacode;
				PRODUCT_NAME = Prowl;
				REGISTER_APP_GROUPS = YES;
				RUNTIME_EXCEPTION_ALLOW_DYLD_ENVIRONMENT_VARIABLES = NO;
				RUNTIME_EXCEPTION_ALLOW_JIT = NO;
				RUNTIME_EXCEPTION_ALLOW_UNSIGNED_EXECUTABLE_MEMORY = NO;
				RUNTIME_EXCEPTION_DEBUGGING_TOOL = NO;
				RUNTIME_EXCEPTION_DISABLE_EXECUTABLE_PAGE_PROTECTION = NO;
				RUNTIME_EXCEPTION_DISABLE_LIBRARY_VALIDATION = NO;
				STRING_CATALOG_GENERATE_SYMBOLS = YES;
				SWIFT_APPROACHABLE_CONCURRENCY = YES;
				SWIFT_DEFAULT_ACTOR_ISOLATION = MainActor;
				SWIFT_EMIT_LOC_STRINGS = YES;
				SWIFT_UPCOMING_FEATURE_MEMBER_IMPORT_VISIBILITY = YES;
				SWIFT_VERSION = 6.0;
			};
			name = Release;
		};
		D6F821082F1FCBC1004B4174 /* Debug */ = {
			isa = XCBuildConfiguration;
			buildSettings = {
				BUNDLE_LOADER = "$(TEST_HOST)";
				CODE_SIGN_STYLE = Automatic;
				CURRENT_PROJECT_VERSION = 20260609;
				DEAD_CODE_STRIPPING = YES;
				DEVELOPMENT_TEAM = "";
				GENERATE_INFOPLIST_FILE = YES;
				MACOSX_DEPLOYMENT_TARGET = 26.1;
				MARKETING_VERSION = 2026.6.9;
				PRODUCT_BUNDLE_IDENTIFIER = com.onevcat.prowlTests;
				PRODUCT_NAME = "$(TARGET_NAME)";
				STRING_CATALOG_GENERATE_SYMBOLS = NO;
				SWIFT_APPROACHABLE_CONCURRENCY = YES;
				SWIFT_EMIT_LOC_STRINGS = NO;
				SWIFT_UPCOMING_FEATURE_MEMBER_IMPORT_VISIBILITY = YES;
				SWIFT_VERSION = 6.0;
				TEST_HOST = "$(BUILT_PRODUCTS_DIR)/Prowl.app/$(BUNDLE_EXECUTABLE_FOLDER_PATH)/ProwlApp";
			};
			name = Debug;
		};
		D6F821092F1FCBC1004B4174 /* Release */ = {
			isa = XCBuildConfiguration;
			buildSettings = {
				BUNDLE_LOADER = "$(TEST_HOST)";
				CODE_SIGN_STYLE = Automatic;
				CURRENT_PROJECT_VERSION = 20260609;
				DEAD_CODE_STRIPPING = YES;
				DEVELOPMENT_TEAM = "";
				GENERATE_INFOPLIST_FILE = YES;
				MACOSX_DEPLOYMENT_TARGET = 26.1;
				MARKETING_VERSION = 2026.6.9;
				PRODUCT_BUNDLE_IDENTIFIER = com.onevcat.prowlTests;
				PRODUCT_NAME = "$(TARGET_NAME)";
				STRING_CATALOG_GENERATE_SYMBOLS = NO;
				SWIFT_APPROACHABLE_CONCURRENCY = YES;
				SWIFT_EMIT_LOC_STRINGS = NO;
				SWIFT_UPCOMING_FEATURE_MEMBER_IMPORT_VISIBILITY = YES;
				SWIFT_VERSION = 6.0;
				TEST_HOST = "$(BUILT_PRODUCTS_DIR)/Prowl.app/$(BUNDLE_EXECUTABLE_FOLDER_PATH)/ProwlApp";
			};
			name = Release;
		};
/* End XCBuildConfiguration section */

/* Begin XCConfigurationList section */
		D69CE0452F1F378200584C57 /* Build configuration list for PBXProject "supacode" */ = {
			isa = XCConfigurationList;
			buildConfigurations = (
				D69CE0532F1F378200584C57 /* Debug */,
				D69CE0542F1F378200584C57 /* Release */,
			);
			defaultConfigurationIsVisible = 0;
			defaultConfigurationName = Release;
		};
		D69CE0552F1F378200584C57 /* Build configuration list for PBXNativeTarget "supacode" */ = {
			isa = XCConfigurationList;
			buildConfigurations = (
				D69CE0562F1F378200584C57 /* Debug */,
				D69CE0572F1F378200584C57 /* Release */,
			);
			defaultConfigurationIsVisible = 0;
			defaultConfigurationName = Release;
		};
		D6F821072F1FCBC1004B4174 /* Build configuration list for PBXNativeTarget "supacodeTests" */ = {
			isa = XCConfigurationList;
			buildConfigurations = (
				D6F821082F1FCBC1004B4174 /* Debug */,
				D6F821092F1FCBC1004B4174 /* Release */,
			);
			defaultConfigurationIsVisible = 0;
			defaultConfigurationName = Release;
		};
/* End XCConfigurationList section */

/* Begin XCRemoteSwiftPackageReference section */
		46ECCA2394D141A89BE74516 /* XCRemoteSwiftPackageReference "swift-dependencies" */ = {
			isa = XCRemoteSwiftPackageReference;
			repositoryURL = "https://github.com/pointfreeco/swift-dependencies";
			requirement = {
				kind = upToNextMajorVersion;
				minimumVersion = 1.10.1;
			};
		};
		899A0B6B6B42424B92CD20C2 /* XCRemoteSwiftPackageReference "sentry-cocoa" */ = {
			isa = XCRemoteSwiftPackageReference;
			repositoryURL = "https://github.com/getsentry/sentry-cocoa/";
			requirement = {
				kind = upToNextMajorVersion;
				minimumVersion = 9.0.0;
			};
		};
		8E10C2184F9342AC850013F5 /* XCRemoteSwiftPackageReference "Sparkle" */ = {
			isa = XCRemoteSwiftPackageReference;
			repositoryURL = "https://github.com/sparkle-project/Sparkle";
			requirement = {
				kind = exactVersion;
				version = "2.9.2";
			};
		};
		911B4AAD84AF4B34BE232133 /* XCRemoteSwiftPackageReference "swift-case-paths" */ = {
			isa = XCRemoteSwiftPackageReference;
			repositoryURL = "https://github.com/pointfreeco/swift-case-paths";
			requirement = {
				kind = upToNextMajorVersion;
				minimumVersion = 1.7.2;
			};
		};
		B43B9188E1D223E6F7344501 /* XCRemoteSwiftPackageReference "swift-composable-architecture" */ = {
			isa = XCRemoteSwiftPackageReference;
			repositoryURL = "https://github.com/pointfreeco/swift-composable-architecture";
			requirement = {
				kind = upToNextMajorVersion;
				minimumVersion = 1.0.0;
			};
		};
		D1BB05872F5ACB5900553512 /* XCRemoteSwiftPackageReference "YiTong" */ = {
			isa = XCRemoteSwiftPackageReference;
			repositoryURL = "https://github.com/onevcat/YiTong.git";
			requirement = {
				kind = upToNextMajorVersion;
				minimumVersion = 0.2.0;
			};
		};
		D6D054262F2E3EB300D70ED5 /* XCRemoteSwiftPackageReference "posthog-ios" */ = {
			isa = XCRemoteSwiftPackageReference;
			repositoryURL = "https://github.com/PostHog/posthog-ios.git";
			requirement = {
				kind = upToNextMajorVersion;
				minimumVersion = 3.38.0;
			};
		};
/* End XCRemoteSwiftPackageReference section */

/* Begin XCSwiftPackageProductDependency section */
		497B582F42253CBC8FBF101F /* ComposableArchitecture */ = {
			isa = XCSwiftPackageProductDependency;
			package = B43B9188E1D223E6F7344501 /* XCRemoteSwiftPackageReference "swift-composable-architecture" */;
			productName = ComposableArchitecture;
		};
		8B2985744DB94333AE1B5878 /* Sentry */ = {
			isa = XCSwiftPackageProductDependency;
			package = 899A0B6B6B42424B92CD20C2 /* XCRemoteSwiftPackageReference "sentry-cocoa" */;
			productName = Sentry;
		};
		8D787DCF45744283A83F226F /* Dependencies */ = {
			isa = XCSwiftPackageProductDependency;
			package = 46ECCA2394D141A89BE74516 /* XCRemoteSwiftPackageReference "swift-dependencies" */;
			productName = Dependencies;
		};
		B5698573F7354B14B940EA60 /* Sparkle */ = {
			isa = XCSwiftPackageProductDependency;
			package = 8E10C2184F9342AC850013F5 /* XCRemoteSwiftPackageReference "Sparkle" */;
			productName = Sparkle;
		};
		D1BB05882F5ACB5900553512 /* YiTong */ = {
			isa = XCSwiftPackageProductDependency;
			package = D1BB05872F5ACB5900553512 /* XCRemoteSwiftPackageReference "YiTong" */;
			productName = YiTong;
		};
		D63D00F62F2A5EEE00018D05 /* DependenciesTestSupport */ = {
			isa = XCSwiftPackageProductDependency;
			package = 46ECCA2394D141A89BE74516 /* XCRemoteSwiftPackageReference "swift-dependencies" */;
			productName = DependenciesTestSupport;
		};
		D661760A2F250A60000FC27C /* CasePaths */ = {
			isa = XCSwiftPackageProductDependency;
			package = 911B4AAD84AF4B34BE232133 /* XCRemoteSwiftPackageReference "swift-case-paths" */;
			productName = CasePaths;
		};
		D6D054272F2E3EBF00D70ED5 /* PostHog */ = {
			isa = XCSwiftPackageProductDependency;
			package = D6D054262F2E3EB300D70ED5 /* XCRemoteSwiftPackageReference "posthog-ios" */;
			productName = PostHog;
		};
/* End XCSwiftPackageProductDependency section */
	};
	rootObject = D69CE0422F1F378200584C57 /* Project object */;
}
